
Microsoft Visual Studio Solution File, Format Version 12.00
# Visual Studio 15
VisualStudioVersion = 15.0.26730.15
MinimumVisualStudioVersion = 10.0.40219.1
Project("{FAE04EC0-301F-11D3-BF4B-00C04F79EFBC}") = "AsyncServer", "AsyncServer\AsyncServer.csproj", "{AE4E2E82-D526-4750-9494-DAD5A6B9ED64}"
EndProject
Project("{FAE04EC0-301F-11D3-BF4B-00C04F79EFBC}") = "AsyncClient", "AsyncClient\AsyncClient.csproj", "{A80976D3-7C5A-4875-A76D-2D067BBCF55A}"
EndProject
Project("{FAE04EC0-301F-11D3-BF4B-00C04F79EFBC}") = "SyncClient", "SyncClient\SyncClient.csproj", "{30F841F1-63B5-44FD-8B82-0A10951694DE}"
EndProject
Project("{FAE04EC0-301F-11D3-BF4B-00C04F79EFBC}") = "SyncServer", "SyncServer\SyncServer.csproj", "{ADDCC9E2-E14D-4496-A363-B7CD9E78DE40}"
EndProject
Project("{FAE04EC0-301F-11D3-BF4B-00C04F79EFBC}") = "MultiThreadServer", "MultiThreadServer\MultiThreadServer.csproj", "{892F82B1-1956-4585-9E6F-59E14DE6BF6C}"
EndProject
Project("{FAE04EC0-301F-11D3-BF4B-00C04F79EFBC}") = "MultiThreadClient", "MultiThreadClient\MultiThreadClient.csproj", "{94AC6FFA-AC97-46FD-A079-DEE0B2AD3B74}"
EndProject
Project("{FAE04EC0-301F-11D3-BF4B-00C04F79EFBC}") = "MultiThreadServerForm", "MultiThreadServerForm\MultiThreadServerForm.csproj", "{1FCA971A-422D-4FB1-A72F-43E31261919E}"
EndProject
Global
	GlobalSection(SolutionConfigurationPlatforms) = preSolution
		Debug|Any CPU = Debug|Any CPU
		Release|Any CPU = Release|Any CPU
	EndGlobalSection
	GlobalSection(ProjectConfigurationPlatforms) = postSolution
		{AE4E2E82-D526-4750-9494-DAD5A6B9ED64}.Debug|Any CPU.ActiveCfg = Debug|Any CPU
		{AE4E2E82-D526-4750-9494-DAD5A6B9ED64}.Debug|Any CPU.Build.0 = Debug|Any CPU
		{AE4E2E82-D526-4750-9494-DAD5A6B9ED64}.Release|Any CPU.ActiveCfg = Release|Any CPU
		{AE4E2E82-D526-4750-9494-DAD5A6B9ED64}.Release|Any CPU.Build.0 = Release|Any CPU
		{A80976D3-7C5A-4875-A76D-2D067BBCF55A}.Debug|Any CPU.ActiveCfg = Debug|Any CPU
		{A80976D3-7C5A-4875-A76D-2D067BBCF55A}.Debug|Any CPU.Build.0 = Debug|Any CPU
		{A80976D3-7C5A-4875-A76D-2D067BBCF55A}.Release|Any CPU.ActiveCfg = Release|Any CPU
		{A80976D3-7C5A-4875-A76D-2D067BBCF55A}.Release|Any CPU.Build.0 = Release|Any CPU
		{30F841F1-63B5-44FD-8B82-0A10951694DE}.Debug|Any CPU.ActiveCfg = Debug|Any CPU
		{30F841F1-63B5-44FD-8B82-0A10951694DE}.Debug|Any CPU.Build.0 = Debug|Any CPU
		{30F841F1-63B5-44FD-8B82-0A10951694DE}.Release|Any CPU.ActiveCfg = Release|Any CPU
		{30F841F1-63B5-44FD-8B82-0A10951694DE}.Release|Any CPU.Build.0 = Release|Any CPU
		{ADDCC9E2-E14D-4496-A363-B7CD9E78DE40}.Debug|Any CPU.ActiveCfg = Debug|Any CPU
		{ADDCC9E2-E14D-4496-A363-B7CD9E78DE40}.Debug|Any CPU.Build.0 = Debug|Any CPU
		{ADDCC9E2-E14D-4496-A363-B7CD9E78DE40}.Release|Any CPU.ActiveCfg = Release|Any CPU
		{ADDCC9E2-E14D-4496-A363-B7CD9E78DE40}.Release|Any CPU.Build.0 = Release|Any CPU
		{892F82B1-1956-4585-9E6F-59E14DE6BF6C}.Debug|Any CPU.ActiveCfg = Debug|Any CPU
		{892F82B1-1956-4585-9E6F-59E14DE6BF6C}.Debug|Any CPU.Build.0 = Debug|Any CPU
		{892F82B1-1956-4585-9E6F-59E14DE6BF6C}.Release|Any CPU.ActiveCfg = Release|Any CPU
		{892F82B1-1956-4585-9E6F-59E14DE6BF6C}.Release|Any CPU.Build.0 = Release|Any CPU
		{94AC6FFA-AC97-46FD-A079-DEE0B2AD3B74}.Debug|Any CPU.ActiveCfg = Debug|Any CPU
		{94AC6FFA-AC97-46FD-A079-DEE0B2AD3B74}.Debug|Any CPU.Build.0 = Debug|Any CPU
		{94AC6FFA-AC97-46FD-A079-DEE0B2AD3B74}.Release|Any CPU.ActiveCfg = Release|Any CPU
		{94AC6FFA-AC97-46FD-A079-DEE0B2AD3B74}.Release|Any CPU.Build.0 = Release|Any CPU
		{1FCA971A-422D-4FB1-A72F-43E31261919E}.Debug|Any CPU.ActiveCfg = Debug|Any CPU
		{1FCA971A-422D-4FB1-A72F-43E31261919E}.Debug|Any CPU.Build.0 = Debug|Any CPU
		{1FCA971A-422D-4FB1-A72F-43E31261919E}.Release|Any CPU.ActiveCfg = Release|Any CPU
		{1FCA971A-422D-4FB1-A72F-43E31261919E}.Release|Any CPU.Build.0 = Release|Any CPU
	EndGlobalSection
	GlobalSection(SolutionProperties) = preSolution
		HideSolutionNode = FALSE
	EndGlobalSection
	GlobalSection(ExtensibilityGlobals) = postSolution
		SolutionGuid = {0ADDAD4A-3B9A-4566-9375-CCEA37A9FED0}
	EndGlobalSection
EndGlobal
